// !$*UTF8*$!
{
	archiveVersion = 1;
	classes = {
	};
	objectVersion = 52;
	objects = {

/* Begin PBXBuildFile section */
		27C2FED1249B9BE00081FE8E /* AppDelegate.swift in Sources */ = {isa = PBXBuildFile; fileRef = 27C2FED0249B9BE00081FE8E /* AppDelegate.swift */; };
		27C2FED3249B9BE00081FE8E /* SceneDelegate.swift in Sources */ = {isa = PBXBuildFile; fileRef = 27C2FED2249B9BE00081FE8E /* SceneDelegate.swift */; };
		27C2FED5249B9BE00081FE8E /* ContentView.swift in Sources */ = {isa = PBXBuildFile; fileRef = 27C2FED4249B9BE00081FE8E /* ContentView.swift */; };
		27C2FED7249B9BE10081FE8E /* Assets.xcassets in Resources */ = {isa = PBXBuildFile; fileRef = 27C2FED6249B9BE10081FE8E /* Assets.xcassets */; };
		27C2FEDA249B9BE10081FE8E /* Preview Assets.xcassets in Resources */ = {isa = PBXBuildFile; fileRef = 27C2FED9249B9BE10081FE8E /* Preview Assets.xcassets */; };
		27C2FEDD249B9BE10081FE8E /* LaunchScreen.storyboard in Resources */ = {isa = PBXBuildFile; fileRef = 27C2FEDB249B9BE10081FE8E /* LaunchScreen.storyboard */; };
		27C2FEE6249B9C130081FE8E /* SDWebImageSwiftUI in Frameworks */ = {isa = PBXBuildFile; productRef = 27C2FEE5249B9C130081FE8E /* SDWebImageSwiftUI */; };
/* End PBXBuildFile section */

/* Begin PBXFileReference section */
		27C2FECD249B9BE00081FE8E /* Unsplash The Kraken.app */ = {isa = PBXFileReference; explicitFileType = wrapper.application; includeInIndex = 0; path = "Unsplash The Kraken.app"; sourceTree = BUILT_PRODUCTS_DIR; };
		27C2FED0249B9BE00081FE8E /* AppDelegate.swift */ = {isa = PBXFileReference; lastKnownFileType = sourcecode.swift; path = AppDelegate.swift; sourceTree = "<group>"; };
		27C2FED2249B9BE00081FE8E /* SceneDelegate.swift */ = {isa = PBXFileReference; lastKnownFileType = sourcecode.swift; path = SceneDelegate.swift; sourceTree = "<group>"; };
		27C2FED4249B9BE00081FE8E /* ContentView.swift */ = {isa = PBXFileReference; lastKnownFileType = sourcecode.swift; path = ContentView.swift; sourceTree = "<group>"; };
		27C2FED6249B9BE10081FE8E /* Assets.xcassets */ = {isa = PBXFileReference; lastKnownFileType = folder.assetcatalog; path = Assets.xcassets; sourceTree = "<group>"; };
		27C2FED9249B9BE10081FE8E /* Preview Assets.xcassets */ = {isa = PBXFileReference; lastKnownFileType = folder.assetcatalog; path = "Preview Assets.xcassets"; sourceTree = "<group>"; };
		27C2FEDC249B9BE10081FE8E /* Base */ = {isa = PBXFileReference; lastKnownFileType = file.storyboard; name = Base; path = Base.lproj/LaunchScreen.storyboard; sourceTree = "<group>"; };
		27C2FEDE249B9BE10081FE8E /* Info.plist */ = {isa = PBXFileReference; lastKnownFileType = text.plist.xml; path = Info.plist; sourceTree = "<group>"; };
/* End PBXFileReference section */

/* Begin PBXFrameworksBuildPhase section */
		27C2FECA249B9BE00081FE8E /* Frameworks */ = {
			isa = PBXFrameworksBuildPhase;
			buildActionMask = 2147483647;
			files = (
				27C2FEE6249B9C130081FE8E /* SDWebImageSwiftUI in Frameworks */,
			);
			runOnlyForDeploymentPostprocessing = 0;
		};
/* End PBXFrameworksBuildPhase section */

/* Begin PBXGroup section */
		27C2FEC4249B9BE00081FE8E = {
			isa = PBXGroup;
			children = (
				27C2FECF249B9BE00081FE8E /* Unsplash The Kraken */,
				27C2FECE249B9BE00081FE8E /* Products */,
			);
			sourceTree = "<group>";
		};
		27C2FECE249B9BE00081FE8E /* Products */ = {
			isa = PBXGroup;
			children = (
				27C2FECD249B9BE00081FE8E /* Unsplash The Kraken.app */,
			);
			name = Products;
			sourceTree = "<group>";
		};
		27C2FECF249B9BE00081FE8E /* Unsplash The Kraken */ = {
			isa = PBXGroup;
			children = (
				27C2FED0249B9BE00081FE8E /* AppDelegate.swift */,
				27C2FED2249B9BE00081FE8E /* SceneDelegate.swift */,
				27C2FED4249B9BE00081FE8E /* ContentView.swift */,
				27C2FED6249B9BE10081FE8E /* Assets.xcassets */,
				27C2FEDB249B9BE10081FE8E /* LaunchScreen.storyboard */,
				27C2FEDE249B9BE10081FE8E /* Info.plist */,
				27C2FED8249B9BE10081FE8E /* Preview Content */,
			);
			path = "Unsplash The Kraken";
			sourceTree = "<group>";
		};
		27C2FED8249B9BE10081FE8E /* Preview Content */ = {
			isa = PBXGroup;
			children = (
				27C2FED9249B9BE10081FE8E /* Preview Assets.xcassets */,
			);
			path = "Preview Content";
			sourceTree = "<group>";
		};
/* End PBXGroup section */

/* Begin PBXNativeTarget section */
		27C2FECC249B9BE00081FE8E /* Unsplash The Kraken */ = {
			isa = PBXNativeTarget;
			buildConfigurationList = 27C2FEE1249B9BE10081FE8E /* Build configuration list for PBXNativeTarget "Unsplash The Kraken" */;
			buildPhases = (
				27C2FEC9249B9BE00081FE8E /* Sources */,
				27C2FECA249B9BE00081FE8E /* Frameworks */,
				27C2FECB249B9BE00081FE8E /* Resources */,
			);
			buildRules = (
			);
			dependencies = (
			);
			name = "Unsplash The Kraken";
			packageProductDependencies = (
				27C2FEE5249B9C130081FE8E /* SDWebImageSwiftUI */,
			);
			productName = "Unsplash The Kraken";
			productReference = 27C2FECD249B9BE00081FE8E /* Unsplash The Kraken.app */;
			productType = "com.apple.product-type.application";
		};
/* End PBXNativeTarget section */

/* Begin PBXProject section */
		27C2FEC5249B9BE00081FE8E /* Project object */ = {
			isa = PBXProject;
			attributes = {
				LastSwiftUpdateCheck = 1150;
				LastUpgradeCheck = 1150;
				ORGANIZATIONNAME = rasyidrw;
				TargetAttributes = {
					27C2FECC249B9BE00081FE8E = {
						CreatedOnToolsVersion = 11.5;
					};
				};
			};
			buildConfigurationList = 27C2FEC8249B9BE00081FE8E /* Build configuration list for PBXProject "Unsplash The Kraken" */;
			compatibilityVersion = "Xcode 9.3";
			developmentRegion = en;
			hasScannedForEncodings = 0;
			knownRegions = (
				en,
				Base,
			);
			mainGroup = 27C2FEC4249B9BE00081FE8E;
			packageReferences = (
				27C2FEE4249B9C130081FE8E /* XCRemoteSwiftPackageReference "SDWebImageSwiftUI" */,
			);
			productRefGroup = 27C2FECE249B9BE00081FE8E /* Products */;
			projectDirPath = "";
			projectRoot = "";
			targets = (
				27C2FECC249B9BE00081FE8E /* Unsplash The Kraken */,
			);
		};
/* End PBXProject section */

/* Begin PBXResourcesBuildPhase section */
		27C2FECB249B9BE00081FE8E /* Resources */ = {
			isa = PBXResourcesBuildPhase;
			buildActionMask = 2147483647;
			files = (
				27C2FEDD249B9BE10081FE8E /* LaunchScreen.storyboard in Resources */,
				27C2FEDA249B9BE10081FE8E /* Preview Assets.xcassets in Resources */,
				27C2FED7249B9BE10081FE8E /* Assets.xcassets in Resources */,
			);
			runOnlyForDeploymentPostprocessing = 0;
		};
/* End PBXResourcesBuildPhase section */

/* Begin PBXSourcesBuildPhase section */
		27C2FEC9249B9BE00081FE8E /* Sources */ = {
			isa = PBXSourcesBuildPhase;
			buildActionMask = 2147483647;
			files = (
				27C2FED1249B9BE00081FE8E /* AppDelegate.swift in Sources */,
				27C2FED3249B9BE00081FE8E /* SceneDelegate.swift in Sources */,
				27C2FED5249B9BE00081FE8E /* ContentView.swift in Sources */,
			);
			runOnlyForDeploymentPostprocessing = 0;
		};
/* End PBXSourcesBuildPhase section */

/* Begin PBXVariantGroup section */
		27C2FEDB249B9BE10081FE8E /* LaunchScreen.storyboard */ = {
			isa = PBXVariantGroup;
			children = (
				27C2FEDC249B9BE10081FE8E /* Base */,
			);
			name = LaunchScreen.storyboard;
			sourceTree = "<group>";
		};
/* End PBXVariantGroup section */

/* Begin XCBuildConfiguration section */
		27C2FEDF249B9BE10081FE8E /* Debug */ = {
			isa = XCBuildConfiguration;
			buildSettings = {
				ALWAYS_SEARCH_USER_PATHS = NO;
				CLANG_ANALYZER_NONNULL = YES;
				CLANG_ANALYZER_NUMBER_OBJECT_CONVERSION = YES_AGGRESSIVE;
				CLANG_CXX_LANGUAGE_STANDARD = "gnu++14";
				CLANG_CXX_LIBRARY = "libc++";
				CLANG_ENABLE_MODULES = YES;
				CLANG_ENABLE_OBJC_ARC = YES;
				CLANG_ENABLE_OBJC_WEAK = YES;
				CLANG_WARN_BLOCK_CAPTURE_AUTORELEASING = YES;
				CLANG_WARN_BOOL_CONVERSION = YES;
				CLANG_WARN_COMMA = YES;
				CLANG_WARN_CONSTANT_CONVERSION = YES;
				CLANG_WARN_DEPRECATED_OBJC_IMPLEMENTATIONS = YES;
				CLANG_WARN_DIRECT_OBJC_ISA_USAGE = YES_ERROR;
				CLANG_WARN_DOCUMENTATION_COMMENTS = YES;
				CLANG_WARN_EMPTY_BODY = YES;
				CLANG_WARN_ENUM_CONVERSION = YES;
				CLANG_WARN_INFINITE_RECURSION = YES;
				CLANG_WARN_INT_CONVERSION = YES;
				CLANG_WARN_NON_LITERAL_NULL_CONVERSION = YES;
				CLANG_WARN_OBJC_IMPLICIT_RETAIN_SELF = YES;
				CLANG_WARN_OBJC_LITERAL_CONVERSION = YES;
				CLANG_WARN_OBJC_ROOT_CLASS = YES_ERROR;
				CLANG_WARN_RANGE_LOOP_ANALYSIS = YES;
				CLANG_WARN_STRICT_PROTOTYPES = YES;
				CLANG_WARN_SUSPICIOUS_MOVE = YES;
				CLANG_WARN_UNGUARDED_AVAILABILITY = YES_AGGRESSIVE;
				CLANG_WARN_UNREACHABLE_CODE = YES;
				CLANG_WARN__DUPLICATE_METHOD_MATCH = YES;
				COPY_PHASE_STRIP = NO;
				DEBUG_INFORMATION_FORMAT = dwarf;
				ENABLE_STRICT_OBJC_MSGSEND = YES;
				ENABLE_TESTABILITY = YES;
				GCC_C_LANGUAGE_STANDARD = gnu11;
				GCC_DYNAMIC_NO_PIC = NO;
				GCC_NO_COMMON_BLOCKS = YES;
				GCC_OPTIMIZATION_LEVEL = 0;
				GCC_PREPROCESSOR_DEFINITIONS = (
					"DEBUG=1",
					"$(inherited)",
				);
				GCC_WARN_64_TO_32_BIT_CONVERSION = YES;
				GCC_WARN_ABOUT_RETURN_TYPE = YES_ERROR;
				GCC_WARN_UNDECLARED_SELECTOR = YES;
				GCC_WARN_UNINITIALIZED_AUTOS = YES_AGGRESSIVE;
				GCC_WARN_UNUSED_FUNCTION = YES;
				GCC_WARN_UNUSED_VARIABLE = YES;
				IPHONEOS_DEPLOYMENT_TARGET = 13.5;
				MTL_ENABLE_DEBUG_INFO = INCLUDE_SOURCE;
				MTL_FAST_MATH = YES;
				ONLY_ACTIVE_ARCH = YES;
				SDKROOT = iphoneos;
				SWIFT_ACTIVE_COMPILATION_CONDITIONS = DEBUG;
				SWIFT_OPTIMIZATION_LEVEL = "-Onone";
			};
			name = Debug;
		};
		27C2FEE0249B9BE10081FE8E /* Release */ = {
			isa = XCBuildConfiguration;
			buildSettings = {
				ALWAYS_SEARCH_USER_PATHS = NO;
				CLANG_ANALYZER_NONNULL = YES;
				CLANG_ANALYZER_NUMBER_OBJECT_CONVERSION = YES_AGGRESSIVE;
				CLANG_CXX_LANGUAGE_STANDARD = "gnu++14";
				CLANG_CXX_LIBRARY = "libc++";
				CLANG_ENABLE_MODULES = YES;
				CLANG_ENABLE_OBJC_ARC = YES;
				CLANG_ENABLE_OBJC_WEAK = YES;
				CLANG_WARN_BLOCK_CAPTURE_AUTORELEASING = YES;
				CLANG_WARN_BOOL_CONVERSION = YES;
				CLANG_WARN_COMMA = YES;
				CLANG_WARN_CONSTANT_CONVERSION = YES;
				CLANG_WARN_DEPRECATED_OBJC_IMPLEMENTATIONS = YES;
				CLANG_WARN_DIRECT_OBJC_ISA_USAGE = YES_ERROR;
				CLANG_WARN_DOCUMENTATION_COMMENTS = YES;
				CLANG_WARN_EMPTY_BODY = YES;
				CLANG_WARN_ENUM_CONVERSION = YES;
				CLANG_WARN_INFINITE_RECURSION = YES;
				CLANG_WARN_INT_CONVERSION = YES;
				CLANG_WARN_NON_LITERAL_NULL_CONVERSION = YES;
				CLANG_WARN_OBJC_IMPLICIT_RETAIN_SELF = YES;
				CLANG_WARN_OBJC_LITERAL_CONVERSION = YES;
				CLANG_WARN_OBJC_ROOT_CLASS = YES_ERROR;
				CLANG_WARN_RANGE_LOOP_ANALYSIS = YES;
				CLANG_WARN_STRICT_PROTOTYPES = YES;
				CLANG_WARN_SUSPICIOUS_MOVE = YES;
				CLANG_WARN_UNGUARDED_AVAILABILITY = YES_AGGRESSIVE;
				CLANG_WARN_UNREACHABLE_CODE = YES;
				CLANG_WARN__DUPLICATE_METHOD_MATCH = YES;
				COPY_PHASE_STRIP = NO;
				DEBUG_INFORMATION_FORMAT = "dwarf-with-dsym";
				ENABLE_NS_ASSERTIONS = NO;
				ENABLE_STRICT_OBJC_MSGSEND = YES;
				GCC_C_LANGUAGE_STANDARD = gnu11;
				GCC_NO_COMMON_BLOCKS = YES;
				GCC_WARN_64_TO_32_BIT_CONVERSION = YES;
				GCC_WARN_ABOUT_RETURN_TYPE = YES_ERROR;
				GCC_WARN_UNDECLARED_SELECTOR = YES;
				GCC_WARN_UNINITIALIZED_AUTOS = YES_AGGRESSIVE;
				GCC_WARN_UNUSED_FUNCTION = YES;
				GCC_WARN_UNUSED_VARIABLE = YES;
				IPHONEOS_DEPLOYMENT_TARGET = 13.5;
				MTL_ENABLE_DEBUG_INFO = NO;
				MTL_FAST_MATH = YES;
				SDKROOT = iphoneos;
				SWIFT_COMPILATION_MODE = wholemodule;
				SWIFT_OPTIMIZATION_LEVEL = "-O";
				VALIDATE_PRODUCT = YES;
			};
			name = Release;
		};
		27C2FEE2249B9BE10081FE8E /* Debug */ = {
			isa = XCBuildConfiguration;
			buildSettings = {
				ASSETCATALOG_COMPILER_APPICON_NAME = AppIcon;
				CODE_SIGN_STYLE = Automatic;
				DEVELOPMENT_ASSET_PATHS = "\"Unsplash The Kraken/Preview Content\"";
				DEVELOPMENT_TEAM = FKSAD8NRG8;
				ENABLE_PREVIEWS = YES;
				INFOPLIST_FILE = "Unsplash The Kraken/Info.plist";
				LD_RUNPATH_SEARCH_PATHS = (
					"$(inherited)",
					"@executable_path/Frameworks",
				);
				PRODUCT_BUNDLE_IDENTIFIER = "com.rasyidrw.Unsplash-The-Kraken";
				PRODUCT_NAME = "$(TARGET_NAME)";
				SWIFT_VERSION = 5.0;
				TARGETED_DEVICE_FAMILY = "1,2";
			};
			name = Debug;
		};
		27C2FEE3249B9BE10081FE8E /* Release */ = {
			isa = XCBuildConfiguration;
			buildSettings = {
				ASSETCATALOG_COMPILER_APPICON_NAME = AppIcon;
				CODE_SIGN_STYLE = Automatic;
				DEVELOPMENT_ASSET_PATHS = "\"Unsplash The Kraken/Preview Content\"";
				DEVELOPMENT_TEAM = FKSAD8NRG8;
				ENABLE_PREVIEWS = YES;
				INFOPLIST_FILE = "Unsplash The Kraken/Info.plist";
				LD_RUNPATH_SEARCH_PATHS = (
					"$(inherited)",
					"@executable_path/Frameworks",
				);
				PRODUCT_BUNDLE_IDENTIFIER = "com.rasyidrw.Unsplash-The-Kraken";
				PRODUCT_NAME = "$(TARGET_NAME)";
				SWIFT_VERSION = 5.0;
				TARGETED_DEVICE_FAMILY = "1,2";
			};
			name = Release;
		};
/* End XCBuildConfiguration section */

/* Begin XCConfigurationList section */
		27C2FEC8249B9BE00081FE8E /* Build configuration list for PBXProject "Unsplash The Kraken" */ = {
			isa = XCConfigurationList;
			buildConfigurations = (
				27C2FEDF249B9BE10081FE8E /* Debug */,
				27C2FEE0249B9BE10081FE8E /* Release */,
			);
			defaultConfigurationIsVisible = 0;
			defaultConfigurationName = Release;
		};
		27C2FEE1249B9BE10081FE8E /* Build configuration list for PBXNativeTarget "Unsplash The Kraken" */ = {
			isa = XCConfigurationList;
			buildConfigurations = (
				27C2FEE2249B9BE10081FE8E /* Debug */,
				27C2FEE3249B9BE10081FE8E /* Release */,
			);
			defaultConfigurationIsVisible = 0;
			defaultConfigurationName = Release;
		};
/* End XCConfigurationList section */

/* Begin XCRemoteSwiftPackageReference section */
		27C2FEE4249B9C130081FE8E /* XCRemoteSwiftPackageReference "SDWebImageSwiftUI" */ = {
			isa = XCRemoteSwiftPackageReference;
			repositoryURL = "https://github.com/SDWebImage/SDWebImageSwiftUI.git";
			requirement = {
				kind = upToNextMajorVersion;
				minimumVersion = 1.5.0;
			};
		};
/* End XCRemoteSwiftPackageReference section */

/* Begin XCSwiftPackageProductDependency section */
		27C2FEE5249B9C130081FE8E /* SDWebImageSwiftUI */ = {
			isa = XCSwiftPackageProductDependency;
			package = 27C2FEE4249B9C130081FE8E /* XCRemoteSwiftPackageReference "SDWebImageSwiftUI" */;
			productName = SDWebImageSwiftUI;
		};
/* End XCSwiftPackageProductDependency section */
	};
	rootObject = 27C2FEC5249B9BE00081FE8E /* Project object */;
}
